lockfileVersion: '9.0'

settings:
  autoInstallPeers: true
  excludeLinksFromLockfile: false

importers:

  .:
    dependencies:
      gifenc:
        specifier: ^1.0.3
        version: 1.0.3
      implicitjs:
        specifier: file:../implicitjs
        version: file:../implicitjs
      three:
        specifier: 0.160.0
        version: 0.160.0
      three-mesh-bvh:
        specifier: 0.8.0
        version: 0.8.0(three@0.160.0)

packages:

  fsevents@2.3.2:
    resolution: {integrity: sha512-xiqMQR4xAeHTuB9uWm+fFRcIOgKBMiOBP+eXiyT7jsgVCq1bkVygt00oASowB7EdtpOHaaPgKt812P9ab+DDKA==}
    engines: {node: ^8.16.0 || ^10.6.0 || >=11.0.0}
    os: [darwin]

  gifenc@1.0.3:
    resolution: {integrity: sha512-xdr6AdrfGBcfzncONUOlXMBuc5wJDtOueE3c5rdG0oNgtINLD+f2iFZltrBRZYzACRbKr+mSVU/x98zv2u3jmw==}

  implicitjs@file:../implicitjs:
    resolution: {directory: ../implicitjs, type: directory}

  playwright-core@1.61.1:
    resolution: {integrity: sha512-h7Qlt6m4REp25qvIdvbDtVmD4LqVXfpRxhORv9L0jzETM05p4fuPJ3dKyuSXQxDSbXnmS79HAgi9589lGSpLkg==}
    engines: {node: '>=18'}
    hasBin: true

  playwright@1.61.1:
    resolution: {integrity: sha512-DWnY5o3YbLWK4GovuAVwpqL+1VwGNdUGrRr++8j8PtQQzvAVZUIMjKQ90fY689sEJZJBbZVw1rXaOKSTitkzPQ==}
    engines: {node: '>=18'}
    hasBin: true

  three-mesh-bvh@0.8.0:
    resolution: {integrity: sha512-Q3Rx3Ja2d/sqNW965wcoqr9NbRGbolk8jrKvSVu1zO5+Vv15vwLfwiTes+jssrd1Odq2+HQhq99Nknwp0JfISg==}
    peerDependencies:
      three: '>= 0.158.0'

  three@0.160.0:
    resolution: {integrity: sha512-DLU8lc0zNIPkM7rH5/e1Ks1Z8tWCGRq6g8mPowdDJpw1CFBJMU7UoJjC6PefXW7z//SSl0b2+GCw14LB+uDhng==}

snapshots:

  fsevents@2.3.2:
    optional: true

  gifenc@1.0.3: {}

  implicitjs@file:../implicitjs:
    dependencies:
      gifenc: 1.0.3
      playwright: 1.61.1
      three: 0.160.0

  playwright-core@1.61.1: {}

  playwright@1.61.1:
    dependencies:
      playwright-core: 1.61.1
    optionalDependencies:
      fsevents: 2.3.2

  three-mesh-bvh@0.8.0(three@0.160.0):
    dependencies:
      three: 0.160.0

  three@0.160.0: {}
